
Microsoft Visual Studio Solution File, Format Version 12.00
# Visual Studio 15
VisualStudioVersion = 15.0.28307.960
MinimumVisualStudioVersion = 10.0.40219.1
Project("{FAE04EC0-301F-11D3-BF4B-00C04F79EFBC}") = "ProgJogador", "ProgJogador\ProgJogador.csproj", "{101B59C5-ACBC-4103-B2C8-6FCBC3B4CF90}"
EndProject
Global
	GlobalSection(SolutionConfigurationPlatforms) = preSolution
		Debug|Any CPU = Debug|Any CPU
		Release|Any CPU = Release|Any CPU
	EndGlobalSection
	GlobalSection(ProjectConfigurationPlatforms) = postSolution
		{101B59C5-ACBC-4103-B2C8-6FCBC3B4CF90}.Debug|Any CPU.ActiveCfg = Debug|Any CPU
		{101B59C5-ACBC-4103-B2C8-6FCBC3B4CF90}.Debug|Any CPU.Build.0 = Debug|Any CPU
		{101B59C5-ACBC-4103-B2C8-6FCBC3B4CF90}.Release|Any CPU.ActiveCfg = Release|Any CPU
		{101B59C5-ACBC-4103-B2C8-6FCBC3B4CF90}.Release|Any CPU.Build.0 = Release|Any CPU
	EndGlobalSection
	GlobalSection(SolutionProperties) = preSolution
		HideSolutionNode = FALSE
	EndGlobalSection
	GlobalSection(ExtensibilityGlobals) = postSolution
		SolutionGuid = {D1E4007C-23DD-415A-81A7-9C46D7F0E7DD}
	EndGlobalSection
EndGlobal
